# auto-generated by grc.converter

id: tnc_nx_nx_encoder
label: NX Encoder
category: TNC NX

inputs:
-   domain: message
    id: in
    optional: true

outputs:
-   domain: message
    id: single
    optional: true
-   domain: message
    id: double
    optional: true

templates:
    imports: import tnc_nx
    make: tnc_nx.nx_encoder()

file_format: 1
