# auto-generated by grc.converter

id: tnc_nx_nx_decoder
label: NX Decoder
category: TNC NX

parameters:
-   id: framesync
    label: Framesync
    dtype: int
    default: '0x0EF0'
-   id: beesat_mode
    label: BEESAT Mode
    dtype: bool
    default: 'True'
    options: ['True', 'False']
    option_labels: ['Yes', 'No']

inputs:
-   domain: stream
    dtype: byte
    optional: true

outputs:
-   domain: message
    id: out
    optional: true

templates:
    imports: from gnuradio import tnc_nx
    make: tnc_nx.nx_decoder(${framesync}, ${beesat_mode})

file_format: 1
