# auto-generated by grc.converter

id: tnc_nx_tnc
label: TNC NX
category: TNC NX

inputs:
-   domain: message
    id: Input
    optional: true
-   domain: message
    id: RX
    optional: true

outputs:
-   domain: message
    id: Output
    optional: true
-   domain: message
    id: TX
    optional: true

templates:
    imports: from gnuradio import tnc_nx
    make: tnc_nx.tnc()

file_format: 1
