# auto-generated by grc.converter

id: tnc_nx_tnc_b1
label: TNC BEESAT-1
category: TNC NX

inputs:
-   domain: message
    id: Input
-   label: RX4k8
    domain: stream
    dtype: byte

outputs:
-   domain: message
    id: Output
-   domain: message
    id: TX4k8

templates:
    imports: import tnc_nx
    make: tnc_nx.tnc_b1()

file_format: 1
