# auto-generated by grc.converter

id: tnc_nx_beesat_classifier
label: BEESAT classifier
category: '[tnc_nx]'

inputs:
-   domain: message
    id: in

outputs:
-   domain: message
    id: BEESAT-1
    optional: true
-   domain: message
    id: BEESAT-2
    optional: true
-   domain: message
    id: BEESAT-4
    optional: true

templates:
    imports: import tnc_nx
    make: tnc_nx.beesat_classifier()

file_format: 1
